
Microsoft Visual Studio Solution File, Format Version 12.00
# Visual Studio Version 16
VisualStudioVersion = 16.0.29411.108
MinimumVisualStudioVersion = 10.0.40219.1
Project("{FAE04EC0-301F-11D3-BF4B-00C04F79EFBC}") = "PasswordGenerator", "PasswordGenerator\PasswordGenerator.csproj", "{1B232D87-0822-4BE7-B4B2-CEE366F3342D}"
EndProject
Global
	GlobalSection(SolutionConfigurationPlatforms) = preSolution
		Debug|Any CPU = Debug|Any CPU
		Release|Any CPU = Release|Any CPU
	EndGlobalSection
	GlobalSection(ProjectConfigurationPlatforms) = postSolution
		{1B232D87-0822-4BE7-B4B2-CEE366F3342D}.Debug|Any CPU.ActiveCfg = Debug|Any CPU
		{1B232D87-0822-4BE7-B4B2-CEE366F3342D}.Debug|Any CPU.Build.0 = Debug|Any CPU
		{1B232D87-0822-4BE7-B4B2-CEE366F3342D}.Release|Any CPU.ActiveCfg = Release|Any CPU
		{1B232D87-0822-4BE7-B4B2-CEE366F3342D}.Release|Any CPU.Build.0 = Release|Any CPU
	EndGlobalSection
	GlobalSection(SolutionProperties) = preSolution
		HideSolutionNode = FALSE
	EndGlobalSection
	GlobalSection(ExtensibilityGlobals) = postSolution
		SolutionGuid = {E1DC4BEC-6D8E-46D0-918A-730579F6BE7B}
	EndGlobalSection
EndGlobal
